lockfileVersion: '6.0'

settings:
  autoInstallPeers: true
  excludeLinksFromLockfile: false

dependencies:
  minimist:
    specifier: ^1.2.0
    version: 1.2.0

packages:

  /minimist@1.2.0:
    resolution: {integrity: sha512-7Wl+Jz+IGWuSdgsQEJ4JunV0si/iMhg42MnQQG6h1R6TNeVenp4U9x5CC5v/gYqz/fENLQITAWXidNtVL0NNbw==}
    dev: false
